# This file was autogenerated by Stack.
# You should not edit this file by hand.
# For more information, please see the documentation at:
#   https://docs.haskellstack.org/en/stable/lock_files

packages:
- completed:
    hackage: threepenny-gui-0.9.1.0@sha256:26a86d6a82a727e6cf45d45cf4887384abd36da19026ce466dd2454c85df625e,9795
    pantry-tree:
      size: 4283
      sha256: dc05893bb2583a94f7eda93c8093511eb75bca72e82486caa0ee1b8ad1bbcdfb
  original:
    hackage: threepenny-gui-0.9.1.0
snapshots:
- completed:
    size: 586296
    url: https://raw.githubusercontent.com/commercialhaskell/stackage-snapshots/master/lts/18/18.yaml
    sha256: 63539429076b7ebbab6daa7656cfb079393bf644971156dc349d7c0453694ac2
  original:
    url: https://raw.githubusercontent.com/commercialhaskell/stackage-snapshots/master/lts/18/18.yaml
